
Microsoft Visual Studio Solution File, Format Version 12.00
# Visual Studio Version 17
VisualStudioVersion = 17.0.31903.59
MinimumVisualStudioVersion = 10.0.40219.1
Project("{FAE04EC0-301F-11D3-BF4B-00C04F79EFBC}") = "Requests.API", "Requests.API\Requests.API.csproj", "{22E1F8A6-E217-4106-84C2-F0600BA24E4F}"
EndProject
Project("{FAE04EC0-301F-11D3-BF4B-00C04F79EFBC}") = "Requests.BLL", "Requests.BLL\Requests.BLL.csproj", "{C6C20A0E-8A8D-41FD-8BEB-4D9F007DAC69}"
EndProject
Project("{FAE04EC0-301F-11D3-BF4B-00C04F79EFBC}") = "Requests.DAL", "Requests.DAL\Requests.DAL.csproj", "{6E3DD863-481C-47D9-8116-85A65823701A}"
EndProject
Global
	GlobalSection(SolutionConfigurationPlatforms) = preSolution
		Debug|Any CPU = Debug|Any CPU
		Release|Any CPU = Release|Any CPU
	EndGlobalSection
	GlobalSection(SolutionProperties) = preSolution
		HideSolutionNode = FALSE
	EndGlobalSection
	GlobalSection(ProjectConfigurationPlatforms) = postSolution
		{22E1F8A6-E217-4106-84C2-F0600BA24E4F}.Debug|Any CPU.ActiveCfg = Debug|Any CPU
		{22E1F8A6-E217-4106-84C2-F0600BA24E4F}.Debug|Any CPU.Build.0 = Debug|Any CPU
		{22E1F8A6-E217-4106-84C2-F0600BA24E4F}.Release|Any CPU.ActiveCfg = Release|Any CPU
		{22E1F8A6-E217-4106-84C2-F0600BA24E4F}.Release|Any CPU.Build.0 = Release|Any CPU
		{C6C20A0E-8A8D-41FD-8BEB-4D9F007DAC69}.Debug|Any CPU.ActiveCfg = Debug|Any CPU
		{C6C20A0E-8A8D-41FD-8BEB-4D9F007DAC69}.Debug|Any CPU.Build.0 = Debug|Any CPU
		{C6C20A0E-8A8D-41FD-8BEB-4D9F007DAC69}.Release|Any CPU.ActiveCfg = Release|Any CPU
		{C6C20A0E-8A8D-41FD-8BEB-4D9F007DAC69}.Release|Any CPU.Build.0 = Release|Any CPU
		{6E3DD863-481C-47D9-8116-85A65823701A}.Debug|Any CPU.ActiveCfg = Debug|Any CPU
		{6E3DD863-481C-47D9-8116-85A65823701A}.Debug|Any CPU.Build.0 = Debug|Any CPU
		{6E3DD863-481C-47D9-8116-85A65823701A}.Release|Any CPU.ActiveCfg = Release|Any CPU
		{6E3DD863-481C-47D9-8116-85A65823701A}.Release|Any CPU.Build.0 = Release|Any CPU
	EndGlobalSection
EndGlobal
